
Microsoft Visual Studio Solution File, Format Version 12.00
# Visual Studio Version 16
VisualStudioVersion = 16.0.31911.196
MinimumVisualStudioVersion = 10.0.40219.1
Project("{FAE04EC0-301F-11D3-BF4B-00C04F79EFBC}") = "TanteEmmaBurger", "TanteEmmaBurger\TanteEmmaBurger.csproj", "{AAB662E0-33F9-4578-87AE-7823F1AD71F6}"
EndProject
Global
	GlobalSection(SolutionConfigurationPlatforms) = preSolution
		Debug|Any CPU = Debug|Any CPU
		Release|Any CPU = Release|Any CPU
	EndGlobalSection
	GlobalSection(ProjectConfigurationPlatforms) = postSolution
		{AAB662E0-33F9-4578-87AE-7823F1AD71F6}.Debug|Any CPU.ActiveCfg = Debug|Any CPU
		{AAB662E0-33F9-4578-87AE-7823F1AD71F6}.Debug|Any CPU.Build.0 = Debug|Any CPU
		{AAB662E0-33F9-4578-87AE-7823F1AD71F6}.Release|Any CPU.ActiveCfg = Release|Any CPU
		{AAB662E0-33F9-4578-87AE-7823F1AD71F6}.Release|Any CPU.Build.0 = Release|Any CPU
	EndGlobalSection
	GlobalSection(SolutionProperties) = preSolution
		HideSolutionNode = FALSE
	EndGlobalSection
	GlobalSection(ExtensibilityGlobals) = postSolution
		SolutionGuid = {C0E7F49A-A142-446C-AAA7-0A977780E37F}
	EndGlobalSection
EndGlobal
